{
  "name": "git-filter-repo-sh",
  "version": "1.0.0",
  "lockfileVersion": 2,
  "requires": true,
  "packages": {
    "": {
      "name": "git-filter-repo-sh",
      "version": "1.0.0",
      "license": "ISC",
      "bin": {
        "git-filter-repo-sh": "index.sh"
      },
      "devDependencies": {},
      "engines": {
        "node": "16.14.0"
      }
    }
  }
}
